# This file is autogenerated, do not edit; changes may be undone by the next 'dep ensure'.


[[projects]]
  branch = "master"
  digest = "1:c8bf738c94f86fb046b1d36469d631099d37e16bda880ede4a79c407cec74a66"
  name = "fknsrs.biz/p/xml"
  packages = ["c14n"]
  pruneopts = "UT"
  revision = "75d8d9641d0d0b737fecdcc42ae43f5746e9978d"

[[projects]]
  digest = "1:bd8bc15ce3a9929e2777651cbc271fca5561c0d5f42187edb4720e638d24662d"
  name = "github.com/beevik/etree"
  packages = ["."]
  pruneopts = "UT"
  revision = "8aee6516be3b1163bb6450c35c50e4969e3a3aa8"
  version = "v1.1.0"

[[projects]]
  branch = "master"
  digest = "1:7a2d617842103bf32c58fcb9e914f861ec5ffc0fae42c4b1d99cb63b1d8e12bf"
  name = "github.com/lestrrat-go/libxml2"
  packages = [
    "clib",
    "dom",
    "internal/debug",
    "parser",
    "types",
    "xpath",
  ]
  pruneopts = "UT"
  revision = "faf2a4a99869b0a73a6ce5354643ee091b8dccef"

[[projects]]
  digest = "1:cf31692c14422fa27c83a05292eb5cbe0fb2775972e8f1f8446a71549bd8980b"
  name = "github.com/pkg/errors"
  packages = ["."]
  pruneopts = "UT"
  revision = "ba968bfe8b2f7e042a574c888954fccecfa385b4"
  version = "v0.8.1"

[solve-meta]
  analyzer-name = "dep"
  analyzer-version = 1
  input-imports = [
    "fknsrs.biz/p/xml/c14n",
    "github.com/beevik/etree",
    "github.com/lestrrat-go/libxml2/parser",
  ]
  solver-name = "gps-cdcl"
  solver-version = 1
