# This file is autogenerated, do not edit; changes may be undone by the next 'dep ensure'.


[[projects]]
  branch = "master"
  digest = "1:c8bf738c94f86fb046b1d36469d631099d37e16bda880ede4a79c407cec74a66"
  name = "fknsrs.biz/p/xml"
  packages = ["c14n"]
  pruneopts = "UT"
  revision = "75d8d9641d0d0b737fecdcc42ae43f5746e9978d"

[[projects]]
  digest = "1:bd8bc15ce3a9929e2777651cbc271fca5561c0d5f42187edb4720e638d24662d"
  name = "github.com/beevik/etree"
  packages = ["."]
  pruneopts = "UT"
  revision = "8aee6516be3b1163bb6450c35c50e4969e3a3aa8"
  version = "v1.1.0"

[[projects]]
  digest = "1:5b3b29ce0e569f62935d9541dff2e16cc09df981ebde48e82259076a73a3d0c7"
  name = "github.com/op/go-logging"
  packages = ["."]
  pruneopts = "UT"
  revision = "b2cb9fa56473e98db8caba80237377e83fe44db5"
  version = "v1"

[solve-meta]
  analyzer-name = "dep"
  analyzer-version = 1
  input-imports = [
    "fknsrs.biz/p/xml/c14n",
    "github.com/beevik/etree",
    "github.com/op/go-logging",
  ]
  solver-name = "gps-cdcl"
  solver-version = 1
